# This is a Gradle generated file for dependency locking.
# Manual edits can break the build and are not advised.
# This file is expected to be part of source control.
# To regenerate this file, run: ./gradlew :libgdx-ui-markup-preview:dependencies --write-locks
com.badlogicgames.gdx:gdx-backend-lwjgl3:1.14.2=compileClasspath,runtimeClasspath,testCompileClasspath,testRuntimeClasspath
com.badlogicgames.gdx:gdx-freetype-platform:1.14.2=runtimeClasspath,testRuntimeClasspath
com.badlogicgames.gdx:gdx-freetype:1.14.2=runtimeClasspath,testRuntimeClasspath
com.badlogicgames.gdx:gdx-jnigen-loader:2.5.2=compileClasspath,runtimeClasspath,testCompileClasspath,testRuntimeClasspath
com.badlogicgames.gdx:gdx-platform:1.14.2=runtimeClasspath,testRuntimeClasspath
com.badlogicgames.gdx:gdx:1.14.2=compileClasspath,runtimeClasspath,testCompileClasspath,testRuntimeClasspath
com.badlogicgames.jlayer:jlayer:1.0.1-gdx=compileClasspath,runtimeClasspath,testCompileClasspath,testRuntimeClasspath
com.ethlo.time:itu:1.14.0=compileClasspath,runtimeClasspath,testCompileClasspath,testRuntimeClasspath
com.fasterxml.jackson.core:jackson-annotations:2.22=compileClasspath,runtimeClasspath,testCompileClasspath,testRuntimeClasspath
com.fasterxml.jackson.core:jackson-core:2.22.1=compileClasspath,runtimeClasspath,testCompileClasspath,testRuntimeClasspath
com.fasterxml.jackson.core:jackson-databind:2.22.1=compileClasspath,runtimeClasspath,testCompileClasspath,testRuntimeClasspath
com.fasterxml.jackson:jackson-bom:2.22.1=compileClasspath,runtimeClasspath,testCompileClasspath,testRuntimeClasspath
com.networknt:json-schema-validator:3.0.0=compileClasspath,runtimeClasspath,testCompileClasspath,testRuntimeClasspath
io.github.teemuki8:agent-runtime-core:1.0.0=compileClasspath,runtimeClasspath,testCompileClasspath,testRuntimeClasspath
io.github.teemuki8:harness-agent-runtime:1.1.0=compileClasspath,runtimeClasspath,testCompileClasspath,testRuntimeClasspath
io.github.teemuki8:harness-core:1.1.0=compileClasspath,runtimeClasspath,testCompileClasspath,testRuntimeClasspath
io.github.teemuki8:harness-lwjgl3:1.1.0=compileClasspath,runtimeClasspath,testCompileClasspath,testRuntimeClasspath
io.github.teemuki8:harness-mcp:1.1.0=compileClasspath,runtimeClasspath,testCompileClasspath,testRuntimeClasspath
io.github.teemuki8:harness-protocol:1.1.0=compileClasspath,runtimeClasspath,testCompileClasspath,testRuntimeClasspath
io.github.teemuki8:harness-scene2d:1.1.0=compileClasspath,runtimeClasspath,testCompileClasspath,testRuntimeClasspath
io.modelcontextprotocol.sdk:mcp-core:2.0.0=compileClasspath,runtimeClasspath,testCompileClasspath,testRuntimeClasspath
io.modelcontextprotocol.sdk:mcp-json-jackson3:2.0.0=compileClasspath,runtimeClasspath,testCompileClasspath,testRuntimeClasspath
io.modelcontextprotocol.sdk:mcp:2.0.0=compileClasspath,runtimeClasspath,testCompileClasspath,testRuntimeClasspath
io.projectreactor:reactor-core:3.7.0=compileClasspath,runtimeClasspath,testCompileClasspath,testRuntimeClasspath
org.apiguardian:apiguardian-api:1.1.2=testCompileClasspath
org.jcraft:jorbis:0.0.17=compileClasspath,runtimeClasspath,testCompileClasspath,testRuntimeClasspath
org.junit.jupiter:junit-jupiter-api:5.10.2=testCompileClasspath,testRuntimeClasspath
org.junit.jupiter:junit-jupiter-engine:5.10.2=testRuntimeClasspath
org.junit.jupiter:junit-jupiter-params:5.10.2=testCompileClasspath,testRuntimeClasspath
org.junit.jupiter:junit-jupiter:5.10.2=testCompileClasspath,testRuntimeClasspath
org.junit.platform:junit-platform-commons:1.10.2=testCompileClasspath,testRuntimeClasspath
org.junit.platform:junit-platform-engine:1.10.2=testRuntimeClasspath
org.junit.platform:junit-platform-launcher:1.10.2=testRuntimeClasspath
org.junit:junit-bom:5.10.2=testCompileClasspath,testRuntimeClasspath
org.lwjgl:lwjgl-glfw:3.3.3=compileClasspath,runtimeClasspath,testCompileClasspath,testRuntimeClasspath
org.lwjgl:lwjgl-jemalloc:3.3.3=compileClasspath,runtimeClasspath,testCompileClasspath,testRuntimeClasspath
org.lwjgl:lwjgl-openal:3.3.3=compileClasspath,runtimeClasspath,testCompileClasspath,testRuntimeClasspath
org.lwjgl:lwjgl-opengl:3.3.3=compileClasspath,runtimeClasspath,testCompileClasspath,testRuntimeClasspath
org.lwjgl:lwjgl-stb:3.3.3=compileClasspath,runtimeClasspath,testCompileClasspath,testRuntimeClasspath
org.lwjgl:lwjgl:3.3.3=compileClasspath,runtimeClasspath,testCompileClasspath,testRuntimeClasspath
org.opentest4j:opentest4j:1.3.0=testCompileClasspath,testRuntimeClasspath
org.reactivestreams:reactive-streams:1.0.4=compileClasspath,runtimeClasspath,testCompileClasspath,testRuntimeClasspath
org.slf4j:slf4j-api:2.0.17=compileClasspath,runtimeClasspath,testCompileClasspath,testRuntimeClasspath
org.slf4j:slf4j-nop:2.0.17=runtimeClasspath,testRuntimeClasspath
org.snakeyaml:snakeyaml-engine:2.10=compileClasspath,runtimeClasspath,testCompileClasspath,testRuntimeClasspath
tools.jackson.core:jackson-core:3.0.3=compileClasspath,runtimeClasspath,testCompileClasspath,testRuntimeClasspath
tools.jackson.core:jackson-databind:3.0.3=compileClasspath,runtimeClasspath,testCompileClasspath,testRuntimeClasspath
tools.jackson.dataformat:jackson-dataformat-yaml:3.0.3=compileClasspath,runtimeClasspath,testCompileClasspath,testRuntimeClasspath
tools.jackson:jackson-bom:3.0.3=compileClasspath,runtimeClasspath,testCompileClasspath,testRuntimeClasspath
empty=annotationProcessor,testAnnotationProcessor
